
Microsoft Visual Studio Solution File, Format Version 12.00
Project("{FAE04EC0-301F-11D3-BF4B-00C04F79EFBC}") = "MazeSolver", "MazeSolver\MazeSolver.csproj", "{50FCC04C-B827-4D90-9566-738B9E899F09}"
EndProject
Global
	GlobalSection(SolutionConfigurationPlatforms) = preSolution
		Debug|Any CPU = Debug|Any CPU
		Release|Any CPU = Release|Any CPU
	EndGlobalSection
	GlobalSection(ProjectConfigurationPlatforms) = postSolution
		{50FCC04C-B827-4D90-9566-738B9E899F09}.Debug|Any CPU.ActiveCfg = Debug|Any CPU
		{50FCC04C-B827-4D90-9566-738B9E899F09}.Debug|Any CPU.Build.0 = Debug|Any CPU
		{50FCC04C-B827-4D90-9566-738B9E899F09}.Release|Any CPU.ActiveCfg = Release|Any CPU
		{50FCC04C-B827-4D90-9566-738B9E899F09}.Release|Any CPU.Build.0 = Release|Any CPU
	EndGlobalSection
EndGlobal
